
Microsoft Visual Studio Solution File, Format Version 12.00
# Visual Studio Version 16
VisualStudioVersion = 16.0.31911.196
MinimumVisualStudioVersion = 10.0.40219.1
Project("{FAE04EC0-301F-11D3-BF4B-00C04F79EFBC}") = "фотостудия", "фотостудия.csproj", "{5E5ED764-18AF-4FB4-90DB-859CBB48F203}"
EndProject
Global
	GlobalSection(SolutionConfigurationPlatforms) = preSolution
		Debug|Any CPU = Debug|Any CPU
		Release|Any CPU = Release|Any CPU
	EndGlobalSection
	GlobalSection(ProjectConfigurationPlatforms) = postSolution
		{5E5ED764-18AF-4FB4-90DB-859CBB48F203}.Debug|Any CPU.ActiveCfg = Debug|Any CPU
		{5E5ED764-18AF-4FB4-90DB-859CBB48F203}.Debug|Any CPU.Build.0 = Debug|Any CPU
		{5E5ED764-18AF-4FB4-90DB-859CBB48F203}.Release|Any CPU.ActiveCfg = Release|Any CPU
		{5E5ED764-18AF-4FB4-90DB-859CBB48F203}.Release|Any CPU.Build.0 = Release|Any CPU
	EndGlobalSection
	GlobalSection(SolutionProperties) = preSolution
		HideSolutionNode = FALSE
	EndGlobalSection
	GlobalSection(ExtensibilityGlobals) = postSolution
		SolutionGuid = {83A9514C-E8D6-4031-B4E1-EA5EFD767892}
	EndGlobalSection
EndGlobal
